{
  "name": "grunt-with-node-sass",
  "requires": true,
  "lockfileVersion": 1,
  "dependencies": {
    "ansi-regex": {
      "version": "2.1.1",
      "resolved": "https://registry.npmjs.org/ansi-regex/-/ansi-regex-2.1.1.tgz",
      "integrity": "sha1-w7M6te42DYbg5ijwRorn7yfWVN8=",
      "dev": true
    },
    "grunt-run": {
      "version": "0.8.1",
      "resolved": "https://registry.npmjs.org/grunt-run/-/grunt-run-0.8.1.tgz",
      "integrity": "sha512-+wvoOJevugcjMLldbVCyspRHHntwVIJiTGjx0HFq+UwXhVPe7AaAiUdY4135CS68pAoRLhd7pAILpL2ITe1tmA==",
      "dev": true,
      "requires": {
        "strip-ansi": "3.0.1"
      }
    },
    "strip-ansi": {
      "version": "3.0.1",
      "resolved": "http://registry.npmjs.org/strip-ansi/-/strip-ansi-3.0.1.tgz",
      "integrity": "sha1-ajhfuIU9lS1f8F0Oiq+UJ43GPc8=",
      "dev": true,
      "requires": {
        "ansi-regex": "2.1.1"
      }
    }
  }
}
